
Microsoft Visual Studio Solution File, Format Version 11.00
# Visual Studio 2010
Project("{FAE04EC0-301F-11D3-BF4B-00C04F79EFBC}") = "ParsingBLSData", "ParsingBLSData\ParsingBLSData.csproj", "{129FBBCD-4A05-4FA8-92A0-67BC92C9FCA0}"
EndProject
Global
	GlobalSection(SolutionConfigurationPlatforms) = preSolution
		Debug|Any CPU = Debug|Any CPU
		Release|Any CPU = Release|Any CPU
	EndGlobalSection
	GlobalSection(ProjectConfigurationPlatforms) = postSolution
		{129FBBCD-4A05-4FA8-92A0-67BC92C9FCA0}.Debug|Any CPU.ActiveCfg = Debug|Any CPU
		{129FBBCD-4A05-4FA8-92A0-67BC92C9FCA0}.Debug|Any CPU.Build.0 = Debug|Any CPU
		{129FBBCD-4A05-4FA8-92A0-67BC92C9FCA0}.Release|Any CPU.ActiveCfg = Release|Any CPU
		{129FBBCD-4A05-4FA8-92A0-67BC92C9FCA0}.Release|Any CPU.Build.0 = Release|Any CPU
	EndGlobalSection
	GlobalSection(SolutionProperties) = preSolution
		HideSolutionNode = FALSE
	EndGlobalSection
EndGlobal
